<?xml version="1.0" encoding="utf-8"?>
<Project ToolsVersion="4.0" xmlns="http://schemas.microsoft.com/developer/msbuild/2003">
  <ItemGroup>
    <Filter Include="Source Files">
      <UniqueIdentifier>{4FC737F1-C7A5-4376-A066-2A32D752A2FF}</UniqueIdentifier>
      <Extensions>cpp;c;cc;cxx;def;odl;idl;hpj;bat;asm;asmx</Extensions>
    </Filter>
    <Filter Include="Header Files">
      <UniqueIdentifier>{93995380-89BD-4b04-88EB-625FBE52EBFB}</UniqueIdentifier>
      <Extensions>h;hpp;hxx;hm;inl;inc;xsd</Extensions>
    </Filter>
    <Filter Include="Resource Files">
      <UniqueIdentifier>{67DA6AB6-F800-4c08-8B7A-83BB121AAD01}</UniqueIdentifier>
      <Extensions>rc;ico;cur;bmp;dlg;rc2;rct;bin;rgs;gif;jpg;jpeg;jpe;resx;tiff;tif;png;wav;mfcribbon-ms</Extensions>
    </Filter>
  </ItemGroup>
  <ItemGroup>
    <Text Include="ReadMe.txt" />
  </ItemGroup>
  <ItemGroup>
    <ClInclude Include="stdafx.h">
      <Filter>Header Files</Filter>
    </ClInclude>
    <ClInclude Include="targetver.h">
      <Filter>Header Files</Filter>
    </ClInclude>
    <ClInclude Include="..\..\Plugins\D3D10\D3D10GraphicDevice.h">
      <Filter>Source Files</Filter>
    </ClInclude>
    <ClInclude Include="..\..\Plugins\D3D10\D3D10GraphicFactory.h">
      <Filter>Source Files</Filter>
    </ClInclude>
    <ClInclude Include="..\..\Plugins\D3D10\D3D10RenderView.h">
      <Filter>Source Files</Filter>
    </ClInclude>
    <ClInclude Include="..\..\Plugins\D3D10\D3D10Texture.h">
      <Filter>Source Files</Filter>
    </ClInclude>
    <ClInclude Include="..\..\Plugins\D3D10\WindowsWindow.h">
      <Filter>Source Files</Filter>
    </ClInclude>
    <ClInclude Include="..\..\Plugins\D3D10\D3D10Convert.h">
      <Filter>Source Files</Filter>
    </ClInclude>
    <ClInclude Include="..\..\Plugins\D3D10\D3D10FrameBuffer.h">
      <Filter>Source Files</Filter>
    </ClInclude>
    <ClInclude Include="..\..\Plugins\D3D10\D3D10Plugin.h">
      <Filter>Source Files</Filter>
    </ClInclude>
    <ClInclude Include="..\..\Plugins\D3D10\D3D10Preq.h">
      <Filter>Source Files</Filter>
    </ClInclude>
    <ClInclude Include="..\..\Plugins\D3D10\D3D10RenderBuffer.h">
      <Filter>Source Files</Filter>
    </ClInclude>
    <ClInclude Include="..\..\Plugins\D3D10\D3D10Shader.h">
      <Filter>Source Files</Filter>
    </ClInclude>
    <ClInclude Include="..\..\Plugins\D3D10\D3D10GraphicBuffer.h">
      <Filter>Source Files</Filter>
    </ClInclude>
    <ClInclude Include="..\..\Plugins\D3D10\D3D10Debug.h">
      <Filter>Source Files</Filter>
    </ClInclude>
  </ItemGroup>
  <ItemGroup>
    <ClCompile Include="stdafx.cpp">
      <Filter>Source Files</Filter>
    </ClCompile>
    <ClCompile Include="dllmain.cpp">
      <Filter>Source Files</Filter>
    </ClCompile>
    <ClCompile Include="..\..\Plugins\D3D10\D3D10GraphicFactory.cpp">
      <Filter>Source Files</Filter>
    </ClCompile>
    <ClCompile Include="..\..\Plugins\D3D10\D3D10RenderView.cpp">
      <Filter>Source Files</Filter>
    </ClCompile>
    <ClCompile Include="..\..\Plugins\D3D10\D3D10Texture.cpp">
      <Filter>Source Files</Filter>
    </ClCompile>
    <ClCompile Include="..\..\Plugins\D3D10\WindowsWindow.cpp">
      <Filter>Source Files</Filter>
    </ClCompile>
    <ClCompile Include="..\..\Plugins\D3D10\D3D10FrameBuffer.cpp">
      <Filter>Source Files</Filter>
    </ClCompile>
    <ClCompile Include="..\..\Plugins\D3D10\D3D10GraphicDevice.cpp">
      <Filter>Source Files</Filter>
    </ClCompile>
    <ClCompile Include="..\..\Plugins\D3D10\D3D10RenderBuffer.cpp">
      <Filter>Source Files</Filter>
    </ClCompile>
    <ClCompile Include="..\..\Plugins\D3D10\D3D10Shader.cpp">
      <Filter>Source Files</Filter>
    </ClCompile>
    <ClCompile Include="..\..\Plugins\D3D10\D3D10GraphicBuffer.cpp">
      <Filter>Source Files</Filter>
    </ClCompile>
    <ClCompile Include="..\..\Plugins\D3D10\D3D10Plugin.cpp">
      <Filter>Source Files</Filter>
    </ClCompile>
    <ClCompile Include="..\..\Plugins\D3D10\D3D10Debug.cpp">
      <Filter>Source Files</Filter>
    </ClCompile>
  </ItemGroup>
  <ItemGroup>
    <None Include="..\ukn_win_test\color.fx">
      <Filter>Source Files</Filter>
    </None>
  </ItemGroup>
</Project>