// !$*UTF8*$!
{
	archiveVersion = 1;
	classes = {
	};
	objectVersion = 46;
	objects = {

/* Begin PBXBuildFile section */
		886881A214C1EE4000EF9E5B /* App.cpp in Sources */ = {isa = PBXBuildFile; fileRef = 8868816C14C1EE4000EF9E5B /* App.cpp */; };
		886881A314C1EE4000EF9E5B /* AppleStuff.mm in Sources */ = {isa = PBXBuildFile; fileRef = 8868817014C1EE4000EF9E5B /* AppleStuff.mm */; };
		886881A414C1EE4000EF9E5B /* Asset.cpp in Sources */ = {isa = PBXBuildFile; fileRef = 8868817114C1EE4000EF9E5B /* Asset.cpp */; };
		886881A514C1EE4000EF9E5B /* AutoUpdate.cpp in Sources */ = {isa = PBXBuildFile; fileRef = 8868817214C1EE4000EF9E5B /* AutoUpdate.cpp */; };
		886881A614C1EE4000EF9E5B /* Base64.cpp in Sources */ = {isa = PBXBuildFile; fileRef = 8868817314C1EE4000EF9E5B /* Base64.cpp */; };
		886881A714C1EE4000EF9E5B /* Class.cpp in Sources */ = {isa = PBXBuildFile; fileRef = 8868817414C1EE4000EF9E5B /* Class.cpp */; };
		886881A814C1EE4000EF9E5B /* ConfigParser.cpp in Sources */ = {isa = PBXBuildFile; fileRef = 8868817514C1EE4000EF9E5B /* ConfigParser.cpp */; };
		886881A914C1EE4000EF9E5B /* ConfigParserXml.cpp in Sources */ = {isa = PBXBuildFile; fileRef = 8868817614C1EE4000EF9E5B /* ConfigParserXml.cpp */; };
		886881AA14C1EE4000EF9E5B /* Context.cpp in Sources */ = {isa = PBXBuildFile; fileRef = 8868817814C1EE4000EF9E5B /* Context.cpp */; };
		886881AB14C1EE4000EF9E5B /* DllLoader.cpp in Sources */ = {isa = PBXBuildFile; fileRef = 8868817914C1EE4000EF9E5B /* DllLoader.cpp */; };
		886881AC14C1EE4000EF9E5B /* FileUtil.cpp in Sources */ = {isa = PBXBuildFile; fileRef = 8868817A14C1EE4000EF9E5B /* FileUtil.cpp */; };
		886881AD14C1EE4000EF9E5B /* Hashing.cpp in Sources */ = {isa = PBXBuildFile; fileRef = 8868817B14C1EE4000EF9E5B /* Hashing.cpp */; };
		886881AE14C1EE4000EF9E5B /* Logger.cpp in Sources */ = {isa = PBXBuildFile; fileRef = 8868817C14C1EE4000EF9E5B /* Logger.cpp */; };
		886881AF14C1EE4000EF9E5B /* Module.cpp in Sources */ = {isa = PBXBuildFile; fileRef = 8868817D14C1EE4000EF9E5B /* Module.cpp */; };
		886881B014C1EE4000EF9E5B /* Port.cpp in Sources */ = {isa = PBXBuildFile; fileRef = 8868817E14C1EE4000EF9E5B /* Port.cpp */; };
		886881B114C1EE4000EF9E5B /* Profiler.cpp in Sources */ = {isa = PBXBuildFile; fileRef = 8868817F14C1EE4000EF9E5B /* Profiler.cpp */; };
		886881B214C1EE4000EF9E5B /* RandomUtil.cpp in Sources */ = {isa = PBXBuildFile; fileRef = 8868818014C1EE4000EF9E5B /* RandomUtil.cpp */; };
		886881B314C1EE4000EF9E5B /* Resource.cpp in Sources */ = {isa = PBXBuildFile; fileRef = 8868818114C1EE4000EF9E5B /* Resource.cpp */; };
		886881B414C1EE4000EF9E5B /* Serializer.cpp in Sources */ = {isa = PBXBuildFile; fileRef = 8868818214C1EE4000EF9E5B /* Serializer.cpp */; };
		886881B514C1EE4000EF9E5B /* Signal.cpp in Sources */ = {isa = PBXBuildFile; fileRef = 8868818314C1EE4000EF9E5B /* Signal.cpp */; };
		886881B614C1EE4000EF9E5B /* Stream.cpp in Sources */ = {isa = PBXBuildFile; fileRef = 8868818414C1EE4000EF9E5B /* Stream.cpp */; };
		886881B714C1EE4000EF9E5B /* StringUtil.cpp in Sources */ = {isa = PBXBuildFile; fileRef = 8868818514C1EE4000EF9E5B /* StringUtil.cpp */; };
		886881B814C1EE4000EF9E5B /* SysUtil.cpp in Sources */ = {isa = PBXBuildFile; fileRef = 8868818614C1EE4000EF9E5B /* SysUtil.cpp */; };
		886881B914C1EE4000EF9E5B /* Task.cpp in Sources */ = {isa = PBXBuildFile; fileRef = 8868818714C1EE4000EF9E5B /* Task.cpp */; };
		886881BA14C1EE4000EF9E5B /* Thread.cpp in Sources */ = {isa = PBXBuildFile; fileRef = 8868818814C1EE4000EF9E5B /* Thread.cpp */; };
		886881BB14C1EE4000EF9E5B /* Timeutil.cpp in Sources */ = {isa = PBXBuildFile; fileRef = 8868818914C1EE4000EF9E5B /* Timeutil.cpp */; };
		886881BC14C1EE4000EF9E5B /* ZipUtil.cpp in Sources */ = {isa = PBXBuildFile; fileRef = 8868818A14C1EE4000EF9E5B /* ZipUtil.cpp */; };
		886881BD14C1EE4000EF9E5B /* Component.cpp in Sources */ = {isa = PBXBuildFile; fileRef = 8868818C14C1EE4000EF9E5B /* Component.cpp */; };
		886881BE14C1EE4000EF9E5B /* Entity.cpp in Sources */ = {isa = PBXBuildFile; fileRef = 8868818D14C1EE4000EF9E5B /* Entity.cpp */; };
		886881BF14C1EE4000EF9E5B /* Event.cpp in Sources */ = {isa = PBXBuildFile; fileRef = 8868818E14C1EE4000EF9E5B /* Event.cpp */; };
		886881C014C1EE4000EF9E5B /* Trigger.cpp in Sources */ = {isa = PBXBuildFile; fileRef = 8868818F14C1EE4000EF9E5B /* Trigger.cpp */; };
		886881C114C1EE4000EF9E5B /* Animation.cpp in Sources */ = {isa = PBXBuildFile; fileRef = 8868819114C1EE4000EF9E5B /* Animation.cpp */; };
		886881C214C1EE4000EF9E5B /* Skeletal.cpp in Sources */ = {isa = PBXBuildFile; fileRef = 8868819214C1EE4000EF9E5B /* Skeletal.cpp */; };
		886881C314C1EE4000EF9E5B /* Camera.cpp in Sources */ = {isa = PBXBuildFile; fileRef = 8868819414C1EE4000EF9E5B /* Camera.cpp */; };
		886881C414C1EE4000EF9E5B /* Font.cpp in Sources */ = {isa = PBXBuildFile; fileRef = 8868819514C1EE4000EF9E5B /* Font.cpp */; };
		886881C514C1EE4000EF9E5B /* FrameBuffer.cpp in Sources */ = {isa = PBXBuildFile; fileRef = 8868819614C1EE4000EF9E5B /* FrameBuffer.cpp */; };
		886881C614C1EE4000EF9E5B /* Frustum.cpp in Sources */ = {isa = PBXBuildFile; fileRef = 8868819714C1EE4000EF9E5B /* Frustum.cpp */; };
		886881C714C1EE4000EF9E5B /* GraphicBuffer.cpp in Sources */ = {isa = PBXBuildFile; fileRef = 8868819814C1EE4000EF9E5B /* GraphicBuffer.cpp */; };
		886881C814C1EE4000EF9E5B /* GraphicDevice.cpp in Sources */ = {isa = PBXBuildFile; fileRef = 8868819914C1EE4000EF9E5B /* GraphicDevice.cpp */; };
		886881C914C1EE4000EF9E5B /* GraphicFactory.cpp in Sources */ = {isa = PBXBuildFile; fileRef = 8868819A14C1EE4000EF9E5B /* GraphicFactory.cpp */; };
		886881CA14C1EE4000EF9E5B /* Renderable.cpp in Sources */ = {isa = PBXBuildFile; fileRef = 8868819B14C1EE4000EF9E5B /* Renderable.cpp */; };
		886881CB14C1EE4000EF9E5B /* RenderBuffer.cpp in Sources */ = {isa = PBXBuildFile; fileRef = 8868819C14C1EE4000EF9E5B /* RenderBuffer.cpp */; };
		886881CC14C1EE4000EF9E5B /* RenderView.cpp in Sources */ = {isa = PBXBuildFile; fileRef = 8868819D14C1EE4000EF9E5B /* RenderView.cpp */; };
		886881CD14C1EE4000EF9E5B /* Scene.cpp in Sources */ = {isa = PBXBuildFile; fileRef = 8868819E14C1EE4000EF9E5B /* Scene.cpp */; };
		886881CE14C1EE4000EF9E5B /* SpriteBatch.cpp in Sources */ = {isa = PBXBuildFile; fileRef = 8868819F14C1EE4000EF9E5B /* SpriteBatch.cpp */; };
		886881CF14C1EE4000EF9E5B /* Texture.cpp in Sources */ = {isa = PBXBuildFile; fileRef = 886881A014C1EE4000EF9E5B /* Texture.cpp */; };
		886881D014C1EE4000EF9E5B /* Window.cpp in Sources */ = {isa = PBXBuildFile; fileRef = 886881A114C1EE4000EF9E5B /* Window.cpp */; };
		88E3C433147F2F1600E8754D /* Cocoa.framework in Frameworks */ = {isa = PBXBuildFile; fileRef = 88E3C432147F2F1400E8754D /* Cocoa.framework */; };
		88E3C435147F2F1F00E8754D /* OpenGL.framework in Frameworks */ = {isa = PBXBuildFile; fileRef = 88E3C434147F2F1D00E8754D /* OpenGL.framework */; };
/* End PBXBuildFile section */

/* Begin PBXCopyFilesBuildPhase section */
		88CC31171477915700558EA1 /* CopyFiles */ = {
			isa = PBXCopyFilesBuildPhase;
			buildActionMask = 2147483647;
			dstPath = /usr/share/man/man1/;
			dstSubfolderSpec = 0;
			files = (
			);
			runOnlyForDeploymentPostprocessing = 1;
		};
/* End PBXCopyFilesBuildPhase section */

/* Begin PBXFileReference section */
		8868803C14C1EE4000EF9E5B /* Action.h */ = {isa = PBXFileReference; fileEncoding = 4; lastKnownFileType = sourcecode.c.h; path = Action.h; sourceTree = "<group>"; };
		8868803D14C1EE4000EF9E5B /* Animation.h */ = {isa = PBXFileReference; fileEncoding = 4; lastKnownFileType = sourcecode.c.h; path = Animation.h; sourceTree = "<group>"; };
		8868803E14C1EE4000EF9E5B /* Any.h */ = {isa = PBXFileReference; fileEncoding = 4; lastKnownFileType = sourcecode.c.h; path = Any.h; sourceTree = "<group>"; };
		8868803F14C1EE4000EF9E5B /* App.h */ = {isa = PBXFileReference; fileEncoding = 4; lastKnownFileType = sourcecode.c.h; path = App.h; sourceTree = "<group>"; };
		8868804014C1EE4000EF9E5B /* Asset.h */ = {isa = PBXFileReference; fileEncoding = 4; lastKnownFileType = sourcecode.c.h; path = Asset.h; sourceTree = "<group>"; };
		8868804114C1EE4000EF9E5B /* Audio.h */ = {isa = PBXFileReference; fileEncoding = 4; lastKnownFileType = sourcecode.c.h; path = Audio.h; sourceTree = "<group>"; };
		8868804214C1EE4000EF9E5B /* AutoUpdate.h */ = {isa = PBXFileReference; fileEncoding = 4; lastKnownFileType = sourcecode.c.h; path = AutoUpdate.h; sourceTree = "<group>"; };
		8868804314C1EE4000EF9E5B /* Base64.h */ = {isa = PBXFileReference; fileEncoding = 4; lastKnownFileType = sourcecode.c.h; path = Base64.h; sourceTree = "<group>"; };
		8868804414C1EE4000EF9E5B /* Binding.h */ = {isa = PBXFileReference; fileEncoding = 4; lastKnownFileType = sourcecode.c.h; path = Binding.h; sourceTree = "<group>"; };
		8868804514C1EE4000EF9E5B /* Camera.h */ = {isa = PBXFileReference; fileEncoding = 4; lastKnownFileType = sourcecode.c.h; path = Camera.h; sourceTree = "<group>"; };
		8868804614C1EE4000EF9E5B /* Class.h */ = {isa = PBXFileReference; fileEncoding = 4; lastKnownFileType = sourcecode.c.h; path = Class.h; sourceTree = "<group>"; };
		8868804714C1EE4000EF9E5B /* Color.h */ = {isa = PBXFileReference; fileEncoding = 4; lastKnownFileType = sourcecode.c.h; path = Color.h; sourceTree = "<group>"; };
		8868804814C1EE4000EF9E5B /* Common.h */ = {isa = PBXFileReference; fileEncoding = 4; lastKnownFileType = sourcecode.c.h; path = Common.h; sourceTree = "<group>"; };
		8868804914C1EE4000EF9E5B /* Component.h */ = {isa = PBXFileReference; fileEncoding = 4; lastKnownFileType = sourcecode.c.h; path = Component.h; sourceTree = "<group>"; };
		8868804A14C1EE4000EF9E5B /* Condition.h */ = {isa = PBXFileReference; fileEncoding = 4; lastKnownFileType = sourcecode.c.h; path = Condition.h; sourceTree = "<group>"; };
		8868804B14C1EE4000EF9E5B /* ConfigParser.h */ = {isa = PBXFileReference; fileEncoding = 4; lastKnownFileType = sourcecode.c.h; path = ConfigParser.h; sourceTree = "<group>"; };
		8868804C14C1EE4000EF9E5B /* Context.h */ = {isa = PBXFileReference; fileEncoding = 4; lastKnownFileType = sourcecode.c.h; path = Context.h; sourceTree = "<group>"; };
		8868804F14C1EE4000EF9E5B /* Bind.h */ = {isa = PBXFileReference; fileEncoding = 4; lastKnownFileType = sourcecode.c.h; path = Bind.h; sourceTree = "<group>"; };
		8868805014C1EE4000EF9E5B /* FunctionBase.h */ = {isa = PBXFileReference; fileEncoding = 4; lastKnownFileType = sourcecode.c.h; path = FunctionBase.h; sourceTree = "<group>"; };
		8868805114C1EE4000EF9E5B /* FunctionDetail.h */ = {isa = PBXFileReference; fileEncoding = 4; lastKnownFileType = sourcecode.c.h; path = FunctionDetail.h; sourceTree = "<group>"; };
		8868805214C1EE4000EF9E5B /* FunctionFoward.h */ = {isa = PBXFileReference; fileEncoding = 4; lastKnownFileType = sourcecode.c.h; path = FunctionFoward.h; sourceTree = "<group>"; };
		8868805314C1EE4000EF9E5B /* FunctionInclude.h */ = {isa = PBXFileReference; fileEncoding = 4; lastKnownFileType = sourcecode.c.h; path = FunctionInclude.h; sourceTree = "<group>"; };
		8868805414C1EE4000EF9E5B /* FunctionTemplate.h */ = {isa = PBXFileReference; fileEncoding = 4; lastKnownFileType = sourcecode.c.h; path = FunctionTemplate.h; sourceTree = "<group>"; };
		8868805514C1EE4000EF9E5B /* Memfun.h */ = {isa = PBXFileReference; fileEncoding = 4; lastKnownFileType = sourcecode.c.h; path = Memfun.h; sourceTree = "<group>"; };
		8868805714C1EE4000EF9E5B /* TypeTraits.h */ = {isa = PBXFileReference; fileEncoding = 4; lastKnownFileType = sourcecode.c.h; path = TypeTraits.h; sourceTree = "<group>"; };
		8868805814C1EE4000EF9E5B /* DllLoader.h */ = {isa = PBXFileReference; fileEncoding = 4; lastKnownFileType = sourcecode.c.h; path = DllLoader.h; sourceTree = "<group>"; };
		8868805914C1EE4000EF9E5B /* Entity.h */ = {isa = PBXFileReference; fileEncoding = 4; lastKnownFileType = sourcecode.c.h; path = Entity.h; sourceTree = "<group>"; };
		8868805A14C1EE4000EF9E5B /* Event.h */ = {isa = PBXFileReference; fileEncoding = 4; lastKnownFileType = sourcecode.c.h; path = Event.h; sourceTree = "<group>"; };
		8868805B14C1EE4000EF9E5B /* Exception.h */ = {isa = PBXFileReference; fileEncoding = 4; lastKnownFileType = sourcecode.c.h; path = Exception.h; sourceTree = "<group>"; };
		8868805C14C1EE4000EF9E5B /* Factory.h */ = {isa = PBXFileReference; fileEncoding = 4; lastKnownFileType = sourcecode.c.h; path = Factory.h; sourceTree = "<group>"; };
		8868805D14C1EE4000EF9E5B /* FileUtil.h */ = {isa = PBXFileReference; fileEncoding = 4; lastKnownFileType = sourcecode.c.h; path = FileUtil.h; sourceTree = "<group>"; };
		8868805E14C1EE4000EF9E5B /* Font.h */ = {isa = PBXFileReference; fileEncoding = 4; lastKnownFileType = sourcecode.c.h; path = Font.h; sourceTree = "<group>"; };
		8868805F14C1EE4000EF9E5B /* FrameBuffer.h */ = {isa = PBXFileReference; fileEncoding = 4; lastKnownFileType = sourcecode.c.h; path = FrameBuffer.h; sourceTree = "<group>"; };
		8868806014C1EE4000EF9E5B /* Frustum.h */ = {isa = PBXFileReference; fileEncoding = 4; lastKnownFileType = sourcecode.c.h; path = Frustum.h; sourceTree = "<group>"; };
		8868806114C1EE4000EF9E5B /* FSM.h */ = {isa = PBXFileReference; fileEncoding = 4; lastKnownFileType = sourcecode.c.h; path = FSM.h; sourceTree = "<group>"; };
		8868806214C1EE4000EF9E5B /* Function.h */ = {isa = PBXFileReference; fileEncoding = 4; lastKnownFileType = sourcecode.c.h; path = Function.h; sourceTree = "<group>"; };
		8868806314C1EE4000EF9E5B /* GraphicBuffer.h */ = {isa = PBXFileReference; fileEncoding = 4; lastKnownFileType = sourcecode.c.h; path = GraphicBuffer.h; sourceTree = "<group>"; };
		8868806414C1EE4000EF9E5B /* GraphicDevice.h */ = {isa = PBXFileReference; fileEncoding = 4; lastKnownFileType = sourcecode.c.h; path = GraphicDevice.h; sourceTree = "<group>"; };
		8868806514C1EE4000EF9E5B /* GraphicFactory.h */ = {isa = PBXFileReference; fileEncoding = 4; lastKnownFileType = sourcecode.c.h; path = GraphicFactory.h; sourceTree = "<group>"; };
		8868806614C1EE4000EF9E5B /* GraphicSettings.h */ = {isa = PBXFileReference; fileEncoding = 4; lastKnownFileType = sourcecode.c.h; path = GraphicSettings.h; sourceTree = "<group>"; };
		8868806714C1EE4000EF9E5B /* Hashing.h */ = {isa = PBXFileReference; fileEncoding = 4; lastKnownFileType = sourcecode.c.h; path = Hashing.h; sourceTree = "<group>"; };
		8868806814C1EE4000EF9E5B /* Input.h */ = {isa = PBXFileReference; fileEncoding = 4; lastKnownFileType = sourcecode.c.h; path = Input.h; sourceTree = "<group>"; };
		8868806914C1EE4000EF9E5B /* Key.h */ = {isa = PBXFileReference; fileEncoding = 4; lastKnownFileType = sourcecode.c.h; path = Key.h; sourceTree = "<group>"; };
		8868806A14C1EE4000EF9E5B /* Logger.h */ = {isa = PBXFileReference; fileEncoding = 4; lastKnownFileType = sourcecode.c.h; path = Logger.h; sourceTree = "<group>"; };
		8868806B14C1EE4000EF9E5B /* Material.h */ = {isa = PBXFileReference; fileEncoding = 4; lastKnownFileType = sourcecode.c.h; path = Material.h; sourceTree = "<group>"; };
		8868806C14C1EE4000EF9E5B /* MathUtil.h */ = {isa = PBXFileReference; fileEncoding = 4; lastKnownFileType = sourcecode.c.h; path = MathUtil.h; sourceTree = "<group>"; };
		8868806D14C1EE4000EF9E5B /* MemoryUtil.h */ = {isa = PBXFileReference; fileEncoding = 4; lastKnownFileType = sourcecode.c.h; path = MemoryUtil.h; sourceTree = "<group>"; };
		8868806E14C1EE4000EF9E5B /* Mesh.h */ = {isa = PBXFileReference; fileEncoding = 4; lastKnownFileType = sourcecode.c.h; path = Mesh.h; sourceTree = "<group>"; };
		8868806F14C1EE4000EF9E5B /* Message.h */ = {isa = PBXFileReference; fileEncoding = 4; lastKnownFileType = sourcecode.c.h; path = Message.h; sourceTree = "<group>"; };
		8868807014C1EE4000EF9E5B /* Module.h */ = {isa = PBXFileReference; fileEncoding = 4; lastKnownFileType = sourcecode.c.h; path = Module.h; sourceTree = "<group>"; };
		8868807114C1EE4000EF9E5B /* Physics.h */ = {isa = PBXFileReference; fileEncoding = 4; lastKnownFileType = sourcecode.c.h; path = Physics.h; sourceTree = "<group>"; };
		8868807214C1EE4000EF9E5B /* Platform.h */ = {isa = PBXFileReference; fileEncoding = 4; lastKnownFileType = sourcecode.c.h; path = Platform.h; sourceTree = "<group>"; };
		8868807314C1EE4000EF9E5B /* Port.h */ = {isa = PBXFileReference; fileEncoding = 4; lastKnownFileType = sourcecode.c.h; path = Port.h; sourceTree = "<group>"; };
		8868807414C1EE4000EF9E5B /* PreDeclare.h */ = {isa = PBXFileReference; fileEncoding = 4; lastKnownFileType = sourcecode.c.h; path = PreDeclare.h; sourceTree = "<group>"; };
		8868807514C1EE4000EF9E5B /* Preprocessor.h */ = {isa = PBXFileReference; fileEncoding = 4; lastKnownFileType = sourcecode.c.h; path = Preprocessor.h; sourceTree = "<group>"; };
		8868807614C1EE4000EF9E5B /* Profiler.h */ = {isa = PBXFileReference; fileEncoding = 4; lastKnownFileType = sourcecode.c.h; path = Profiler.h; sourceTree = "<group>"; };
		8868807714C1EE4000EF9E5B /* Ptr.h */ = {isa = PBXFileReference; fileEncoding = 4; lastKnownFileType = sourcecode.c.h; path = Ptr.h; sourceTree = "<group>"; };
		8868807814C1EE4000EF9E5B /* RandomUtil.h */ = {isa = PBXFileReference; fileEncoding = 4; lastKnownFileType = sourcecode.c.h; path = RandomUtil.h; sourceTree = "<group>"; };
		8868807914C1EE4000EF9E5B /* RefCounted.h */ = {isa = PBXFileReference; fileEncoding = 4; lastKnownFileType = sourcecode.c.h; path = RefCounted.h; sourceTree = "<group>"; };
		8868807A14C1EE4000EF9E5B /* Renderable.h */ = {isa = PBXFileReference; fileEncoding = 4; lastKnownFileType = sourcecode.c.h; path = Renderable.h; sourceTree = "<group>"; };
		8868807B14C1EE4000EF9E5B /* RenderBuffer.h */ = {isa = PBXFileReference; fileEncoding = 4; lastKnownFileType = sourcecode.c.h; path = RenderBuffer.h; sourceTree = "<group>"; };
		8868807C14C1EE4000EF9E5B /* RenderEffect.h */ = {isa = PBXFileReference; fileEncoding = 4; lastKnownFileType = sourcecode.c.h; path = RenderEffect.h; sourceTree = "<group>"; };
		8868807D14C1EE4000EF9E5B /* RenderView.h */ = {isa = PBXFileReference; fileEncoding = 4; lastKnownFileType = sourcecode.c.h; path = RenderView.h; sourceTree = "<group>"; };
		8868807E14C1EE4000EF9E5B /* Resource.h */ = {isa = PBXFileReference; fileEncoding = 4; lastKnownFileType = sourcecode.c.h; path = Resource.h; sourceTree = "<group>"; };
		8868807F14C1EE4000EF9E5B /* Scene.h */ = {isa = PBXFileReference; fileEncoding = 4; lastKnownFileType = sourcecode.c.h; path = Scene.h; sourceTree = "<group>"; };
		8868808014C1EE4000EF9E5B /* Scripting.h */ = {isa = PBXFileReference; fileEncoding = 4; lastKnownFileType = sourcecode.c.h; path = Scripting.h; sourceTree = "<group>"; };
		8868808114C1EE4000EF9E5B /* Sensor.h */ = {isa = PBXFileReference; fileEncoding = 4; lastKnownFileType = sourcecode.c.h; path = Sensor.h; sourceTree = "<group>"; };
		8868808214C1EE4000EF9E5B /* Serializer.h */ = {isa = PBXFileReference; fileEncoding = 4; lastKnownFileType = sourcecode.c.h; path = Serializer.h; sourceTree = "<group>"; };
		8868808314C1EE4000EF9E5B /* Shader.h */ = {isa = PBXFileReference; fileEncoding = 4; lastKnownFileType = sourcecode.c.h; path = Shader.h; sourceTree = "<group>"; };
		8868808414C1EE4000EF9E5B /* Signal.h */ = {isa = PBXFileReference; fileEncoding = 4; lastKnownFileType = sourcecode.c.h; path = Signal.h; sourceTree = "<group>"; };
		8868808514C1EE4000EF9E5B /* Singleton.h */ = {isa = PBXFileReference; fileEncoding = 4; lastKnownFileType = sourcecode.c.h; path = Singleton.h; sourceTree = "<group>"; };
		8868808614C1EE4000EF9E5B /* Skeletal.h */ = {isa = PBXFileReference; fileEncoding = 4; lastKnownFileType = sourcecode.c.h; path = Skeletal.h; sourceTree = "<group>"; };
		8868808714C1EE4000EF9E5B /* Sprite.h */ = {isa = PBXFileReference; fileEncoding = 4; lastKnownFileType = sourcecode.c.h; path = Sprite.h; sourceTree = "<group>"; };
		8868808814C1EE4000EF9E5B /* SpriteBatch.h */ = {isa = PBXFileReference; fileEncoding = 4; lastKnownFileType = sourcecode.c.h; path = SpriteBatch.h; sourceTree = "<group>"; };
		8868808914C1EE4000EF9E5B /* StackTrace.h */ = {isa = PBXFileReference; fileEncoding = 4; lastKnownFileType = sourcecode.c.h; path = StackTrace.h; sourceTree = "<group>"; };
		8868808A14C1EE4000EF9E5B /* Stream.h */ = {isa = PBXFileReference; fileEncoding = 4; lastKnownFileType = sourcecode.c.h; path = Stream.h; sourceTree = "<group>"; };
		8868808B14C1EE4000EF9E5B /* StringUtil.h */ = {isa = PBXFileReference; fileEncoding = 4; lastKnownFileType = sourcecode.c.h; path = StringUtil.h; sourceTree = "<group>"; };
		8868808C14C1EE4000EF9E5B /* SysUtil.h */ = {isa = PBXFileReference; fileEncoding = 4; lastKnownFileType = sourcecode.c.h; path = SysUtil.h; sourceTree = "<group>"; };
		8868808D14C1EE4000EF9E5B /* Task.h */ = {isa = PBXFileReference; fileEncoding = 4; lastKnownFileType = sourcecode.c.h; path = Task.h; sourceTree = "<group>"; };
		8868808E14C1EE4000EF9E5B /* Texture.h */ = {isa = PBXFileReference; fileEncoding = 4; lastKnownFileType = sourcecode.c.h; path = Texture.h; sourceTree = "<group>"; };
		8868808F14C1EE4000EF9E5B /* Thread.h */ = {isa = PBXFileReference; fileEncoding = 4; lastKnownFileType = sourcecode.c.h; path = Thread.h; sourceTree = "<group>"; };
		8868809014C1EE4000EF9E5B /* TimeUtil.h */ = {isa = PBXFileReference; fileEncoding = 4; lastKnownFileType = sourcecode.c.h; path = TimeUtil.h; sourceTree = "<group>"; };
		8868809114C1EE4000EF9E5B /* Transform.h */ = {isa = PBXFileReference; fileEncoding = 4; lastKnownFileType = sourcecode.c.h; path = Transform.h; sourceTree = "<group>"; };
		8868809214C1EE4000EF9E5B /* Trigger.h */ = {isa = PBXFileReference; fileEncoding = 4; lastKnownFileType = sourcecode.c.h; path = Trigger.h; sourceTree = "<group>"; };
		8868809314C1EE4000EF9E5B /* Type.h */ = {isa = PBXFileReference; fileEncoding = 4; lastKnownFileType = sourcecode.c.h; path = Type.h; sourceTree = "<group>"; };
		8868809414C1EE4000EF9E5B /* TypeInfo.h */ = {isa = PBXFileReference; fileEncoding = 4; lastKnownFileType = sourcecode.c.h; path = TypeInfo.h; sourceTree = "<group>"; };
		8868809514C1EE4000EF9E5B /* UKN.h */ = {isa = PBXFileReference; fileEncoding = 4; lastKnownFileType = sourcecode.c.h; path = UKN.h; sourceTree = "<group>"; };
		8868809614C1EE4000EF9E5B /* Uncopyable.h */ = {isa = PBXFileReference; fileEncoding = 4; lastKnownFileType = sourcecode.c.h; path = Uncopyable.h; sourceTree = "<group>"; };
		8868809714C1EE4000EF9E5B /* Util.h */ = {isa = PBXFileReference; fileEncoding = 4; lastKnownFileType = sourcecode.c.h; path = Util.h; sourceTree = "<group>"; };
		8868809814C1EE4000EF9E5B /* Vertex.h */ = {isa = PBXFileReference; fileEncoding = 4; lastKnownFileType = sourcecode.c.h; path = Vertex.h; sourceTree = "<group>"; };
		8868809914C1EE4000EF9E5B /* Viewport.h */ = {isa = PBXFileReference; fileEncoding = 4; lastKnownFileType = sourcecode.c.h; path = Viewport.h; sourceTree = "<group>"; };
		8868809A14C1EE4000EF9E5B /* Window.h */ = {isa = PBXFileReference; fileEncoding = 4; lastKnownFileType = sourcecode.c.h; path = Window.h; sourceTree = "<group>"; };
		8868809B14C1EE4000EF9E5B /* ZipUtil.h */ = {isa = PBXFileReference; fileEncoding = 4; lastKnownFileType = sourcecode.c.h; path = ZipUtil.h; sourceTree = "<group>"; };
		8868816C14C1EE4000EF9E5B /* App.cpp */ = {isa = PBXFileReference; fileEncoding = 4; lastKnownFileType = sourcecode.cpp.cpp; path = App.cpp; sourceTree = "<group>"; };
		8868816F14C1EE4000EF9E5B /* AppleStuff.h */ = {isa = PBXFileReference; fileEncoding = 4; lastKnownFileType = sourcecode.c.h; path = AppleStuff.h; sourceTree = "<group>"; };
		8868817014C1EE4000EF9E5B /* AppleStuff.mm */ = {isa = PBXFileReference; fileEncoding = 4; lastKnownFileType = sourcecode.cpp.objcpp; path = AppleStuff.mm; sourceTree = "<group>"; };
		8868817114C1EE4000EF9E5B /* Asset.cpp */ = {isa = PBXFileReference; fileEncoding = 4; lastKnownFileType = sourcecode.cpp.cpp; path = Asset.cpp; sourceTree = "<group>"; };
		8868817214C1EE4000EF9E5B /* AutoUpdate.cpp */ = {isa = PBXFileReference; fileEncoding = 4; lastKnownFileType = sourcecode.cpp.cpp; path = AutoUpdate.cpp; sourceTree = "<group>"; };
		8868817314C1EE4000EF9E5B /* Base64.cpp */ = {isa = PBXFileReference; fileEncoding = 4; lastKnownFileType = sourcecode.cpp.cpp; path = Base64.cpp; sourceTree = "<group>"; };
		8868817414C1EE4000EF9E5B /* Class.cpp */ = {isa = PBXFileReference; fileEncoding = 4; lastKnownFileType = sourcecode.cpp.cpp; path = Class.cpp; sourceTree = "<group>"; };
		8868817514C1EE4000EF9E5B /* ConfigParser.cpp */ = {isa = PBXFileReference; fileEncoding = 4; lastKnownFileType = sourcecode.cpp.cpp; path = ConfigParser.cpp; sourceTree = "<group>"; };
		8868817614C1EE4000EF9E5B /* ConfigParserXml.cpp */ = {isa = PBXFileReference; fileEncoding = 4; lastKnownFileType = sourcecode.cpp.cpp; path = ConfigParserXml.cpp; sourceTree = "<group>"; };
		8868817714C1EE4000EF9E5B /* ConfigParserXml.h */ = {isa = PBXFileReference; fileEncoding = 4; lastKnownFileType = sourcecode.c.h; path = ConfigParserXml.h; sourceTree = "<group>"; };
		8868817814C1EE4000EF9E5B /* Context.cpp */ = {isa = PBXFileReference; fileEncoding = 4; lastKnownFileType = sourcecode.cpp.cpp; path = Context.cpp; sourceTree = "<group>"; };
		8868817914C1EE4000EF9E5B /* DllLoader.cpp */ = {isa = PBXFileReference; fileEncoding = 4; lastKnownFileType = sourcecode.cpp.cpp; path = DllLoader.cpp; sourceTree = "<group>"; };
		8868817A14C1EE4000EF9E5B /* FileUtil.cpp */ = {isa = PBXFileReference; fileEncoding = 4; lastKnownFileType = sourcecode.cpp.cpp; path = FileUtil.cpp; sourceTree = "<group>"; };
		8868817B14C1EE4000EF9E5B /* Hashing.cpp */ = {isa = PBXFileReference; fileEncoding = 4; lastKnownFileType = sourcecode.cpp.cpp; path = Hashing.cpp; sourceTree = "<group>"; };
		8868817C14C1EE4000EF9E5B /* Logger.cpp */ = {isa = PBXFileReference; fileEncoding = 4; lastKnownFileType = sourcecode.cpp.cpp; path = Logger.cpp; sourceTree = "<group>"; };
		8868817D14C1EE4000EF9E5B /* Module.cpp */ = {isa = PBXFileReference; fileEncoding = 4; lastKnownFileType = sourcecode.cpp.cpp; path = Module.cpp; sourceTree = "<group>"; };
		8868817E14C1EE4000EF9E5B /* Port.cpp */ = {isa = PBXFileReference; fileEncoding = 4; lastKnownFileType = sourcecode.cpp.cpp; path = Port.cpp; sourceTree = "<group>"; };
		8868817F14C1EE4000EF9E5B /* Profiler.cpp */ = {isa = PBXFileReference; fileEncoding = 4; lastKnownFileType = sourcecode.cpp.cpp; path = Profiler.cpp; sourceTree = "<group>"; };
		8868818014C1EE4000EF9E5B /* RandomUtil.cpp */ = {isa = PBXFileReference; fileEncoding = 4; lastKnownFileType = sourcecode.cpp.cpp; path = RandomUtil.cpp; sourceTree = "<group>"; };
		8868818114C1EE4000EF9E5B /* Resource.cpp */ = {isa = PBXFileReference; fileEncoding = 4; lastKnownFileType = sourcecode.cpp.cpp; path = Resource.cpp; sourceTree = "<group>"; };
		8868818214C1EE4000EF9E5B /* Serializer.cpp */ = {isa = PBXFileReference; fileEncoding = 4; lastKnownFileType = sourcecode.cpp.cpp; path = Serializer.cpp; sourceTree = "<group>"; };
		8868818314C1EE4000EF9E5B /* Signal.cpp */ = {isa = PBXFileReference; fileEncoding = 4; lastKnownFileType = sourcecode.cpp.cpp; path = Signal.cpp; sourceTree = "<group>"; };
		8868818414C1EE4000EF9E5B /* Stream.cpp */ = {isa = PBXFileReference; fileEncoding = 4; lastKnownFileType = sourcecode.cpp.cpp; path = Stream.cpp; sourceTree = "<group>"; };
		8868818514C1EE4000EF9E5B /* StringUtil.cpp */ = {isa = PBXFileReference; fileEncoding = 4; lastKnownFileType = sourcecode.cpp.cpp; path = StringUtil.cpp; sourceTree = "<group>"; };
		8868818614C1EE4000EF9E5B /* SysUtil.cpp */ = {isa = PBXFileReference; fileEncoding = 4; lastKnownFileType = sourcecode.cpp.cpp; path = SysUtil.cpp; sourceTree = "<group>"; };
		8868818714C1EE4000EF9E5B /* Task.cpp */ = {isa = PBXFileReference; fileEncoding = 4; lastKnownFileType = sourcecode.cpp.cpp; path = Task.cpp; sourceTree = "<group>"; };
		8868818814C1EE4000EF9E5B /* Thread.cpp */ = {isa = PBXFileReference; fileEncoding = 4; lastKnownFileType = sourcecode.cpp.cpp; path = Thread.cpp; sourceTree = "<group>"; };
		8868818914C1EE4000EF9E5B /* Timeutil.cpp */ = {isa = PBXFileReference; fileEncoding = 4; lastKnownFileType = sourcecode.cpp.cpp; path = Timeutil.cpp; sourceTree = "<group>"; };
		8868818A14C1EE4000EF9E5B /* ZipUtil.cpp */ = {isa = PBXFileReference; fileEncoding = 4; lastKnownFileType = sourcecode.cpp.cpp; path = ZipUtil.cpp; sourceTree = "<group>"; };
		8868818C14C1EE4000EF9E5B /* Component.cpp */ = {isa = PBXFileReference; fileEncoding = 4; lastKnownFileType = sourcecode.cpp.cpp; path = Component.cpp; sourceTree = "<group>"; };
		8868818D14C1EE4000EF9E5B /* Entity.cpp */ = {isa = PBXFileReference; fileEncoding = 4; lastKnownFileType = sourcecode.cpp.cpp; path = Entity.cpp; sourceTree = "<group>"; };
		8868818E14C1EE4000EF9E5B /* Event.cpp */ = {isa = PBXFileReference; fileEncoding = 4; lastKnownFileType = sourcecode.cpp.cpp; path = Event.cpp; sourceTree = "<group>"; };
		8868818F14C1EE4000EF9E5B /* Trigger.cpp */ = {isa = PBXFileReference; fileEncoding = 4; lastKnownFileType = sourcecode.cpp.cpp; path = Trigger.cpp; sourceTree = "<group>"; };
		8868819114C1EE4000EF9E5B /* Animation.cpp */ = {isa = PBXFileReference; fileEncoding = 4; lastKnownFileType = sourcecode.cpp.cpp; path = Animation.cpp; sourceTree = "<group>"; };
		8868819214C1EE4000EF9E5B /* Skeletal.cpp */ = {isa = PBXFileReference; fileEncoding = 4; lastKnownFileType = sourcecode.cpp.cpp; path = Skeletal.cpp; sourceTree = "<group>"; };
		8868819414C1EE4000EF9E5B /* Camera.cpp */ = {isa = PBXFileReference; fileEncoding = 4; lastKnownFileType = sourcecode.cpp.cpp; path = Camera.cpp; sourceTree = "<group>"; };
		8868819514C1EE4000EF9E5B /* Font.cpp */ = {isa = PBXFileReference; fileEncoding = 4; lastKnownFileType = sourcecode.cpp.cpp; path = Font.cpp; sourceTree = "<group>"; };
		8868819614C1EE4000EF9E5B /* FrameBuffer.cpp */ = {isa = PBXFileReference; fileEncoding = 4; lastKnownFileType = sourcecode.cpp.cpp; path = FrameBuffer.cpp; sourceTree = "<group>"; };
		8868819714C1EE4000EF9E5B /* Frustum.cpp */ = {isa = PBXFileReference; fileEncoding = 4; lastKnownFileType = sourcecode.cpp.cpp; path = Frustum.cpp; sourceTree = "<group>"; };
		8868819814C1EE4000EF9E5B /* GraphicBuffer.cpp */ = {isa = PBXFileReference; fileEncoding = 4; lastKnownFileType = sourcecode.cpp.cpp; path = GraphicBuffer.cpp; sourceTree = "<group>"; };
		8868819914C1EE4000EF9E5B /* GraphicDevice.cpp */ = {isa = PBXFileReference; fileEncoding = 4; lastKnownFileType = sourcecode.cpp.cpp; path = GraphicDevice.cpp; sourceTree = "<group>"; };
		8868819A14C1EE4000EF9E5B /* GraphicFactory.cpp */ = {isa = PBXFileReference; fileEncoding = 4; lastKnownFileType = sourcecode.cpp.cpp; path = GraphicFactory.cpp; sourceTree = "<group>"; };
		8868819B14C1EE4000EF9E5B /* Renderable.cpp */ = {isa = PBXFileReference; fileEncoding = 4; lastKnownFileType = sourcecode.cpp.cpp; path = Renderable.cpp; sourceTree = "<group>"; };
		8868819C14C1EE4000EF9E5B /* RenderBuffer.cpp */ = {isa = PBXFileReference; fileEncoding = 4; lastKnownFileType = sourcecode.cpp.cpp; path = RenderBuffer.cpp; sourceTree = "<group>"; };
		8868819D14C1EE4000EF9E5B /* RenderView.cpp */ = {isa = PBXFileReference; fileEncoding = 4; lastKnownFileType = sourcecode.cpp.cpp; path = RenderView.cpp; sourceTree = "<group>"; };
		8868819E14C1EE4000EF9E5B /* Scene.cpp */ = {isa = PBXFileReference; fileEncoding = 4; lastKnownFileType = sourcecode.cpp.cpp; path = Scene.cpp; sourceTree = "<group>"; };
		8868819F14C1EE4000EF9E5B /* SpriteBatch.cpp */ = {isa = PBXFileReference; fileEncoding = 4; lastKnownFileType = sourcecode.cpp.cpp; path = SpriteBatch.cpp; sourceTree = "<group>"; };
		886881A014C1EE4000EF9E5B /* Texture.cpp */ = {isa = PBXFileReference; fileEncoding = 4; lastKnownFileType = sourcecode.cpp.cpp; path = Texture.cpp; sourceTree = "<group>"; };
		886881A114C1EE4000EF9E5B /* Window.cpp */ = {isa = PBXFileReference; fileEncoding = 4; lastKnownFileType = sourcecode.cpp.cpp; path = Window.cpp; sourceTree = "<group>"; };
		88CC31191477915700558EA1 /* Project Unknown */ = {isa = PBXFileReference; explicitFileType = "compiled.mach-o.executable"; includeInIndex = 0; path = "Project Unknown"; sourceTree = BUILT_PRODUCTS_DIR; };
		88E3C432147F2F1400E8754D /* Cocoa.framework */ = {isa = PBXFileReference; lastKnownFileType = wrapper.framework; name = Cocoa.framework; path = System/Library/Frameworks/Cocoa.framework; sourceTree = SDKROOT; };
		88E3C434147F2F1D00E8754D /* OpenGL.framework */ = {isa = PBXFileReference; lastKnownFileType = wrapper.framework; name = OpenGL.framework; path = System/Library/Frameworks/OpenGL.framework; sourceTree = SDKROOT; };
/* End PBXFileReference section */

/* Begin PBXFrameworksBuildPhase section */
		88CC31161477915700558EA1 /* Frameworks */ = {
			isa = PBXFrameworksBuildPhase;
			buildActionMask = 2147483647;
			files = (
				88E3C435147F2F1F00E8754D /* OpenGL.framework in Frameworks */,
				88E3C433147F2F1600E8754D /* Cocoa.framework in Frameworks */,
			);
			runOnlyForDeploymentPostprocessing = 0;
		};
/* End PBXFrameworksBuildPhase section */

/* Begin PBXGroup section */
		88093C2714BAFFEC00C6152F /* DF */ = {
			isa = PBXGroup;
			children = (
			);
			path = DF;
			sourceTree = SOURCE_ROOT;
		};
		8868803A14C1EE4000EF9E5B /* include */ = {
			isa = PBXGroup;
			children = (
				8868803B14C1EE4000EF9E5B /* UKN */,
			);
			name = include;
			path = UKN/include;
			sourceTree = SOURCE_ROOT;
		};
		8868803B14C1EE4000EF9E5B /* UKN */ = {
			isa = PBXGroup;
			children = (
				8868803C14C1EE4000EF9E5B /* Action.h */,
				8868803D14C1EE4000EF9E5B /* Animation.h */,
				8868803E14C1EE4000EF9E5B /* Any.h */,
				8868803F14C1EE4000EF9E5B /* App.h */,
				8868804014C1EE4000EF9E5B /* Asset.h */,
				8868804114C1EE4000EF9E5B /* Audio.h */,
				8868804214C1EE4000EF9E5B /* AutoUpdate.h */,
				8868804314C1EE4000EF9E5B /* Base64.h */,
				8868804414C1EE4000EF9E5B /* Binding.h */,
				8868804514C1EE4000EF9E5B /* Camera.h */,
				8868804614C1EE4000EF9E5B /* Class.h */,
				8868804714C1EE4000EF9E5B /* Color.h */,
				8868804814C1EE4000EF9E5B /* Common.h */,
				8868804914C1EE4000EF9E5B /* Component.h */,
				8868804A14C1EE4000EF9E5B /* Condition.h */,
				8868804B14C1EE4000EF9E5B /* ConfigParser.h */,
				8868804C14C1EE4000EF9E5B /* Context.h */,
				8868804D14C1EE4000EF9E5B /* detail */,
				8868805814C1EE4000EF9E5B /* DllLoader.h */,
				8868805914C1EE4000EF9E5B /* Entity.h */,
				8868805A14C1EE4000EF9E5B /* Event.h */,
				8868805B14C1EE4000EF9E5B /* Exception.h */,
				8868805C14C1EE4000EF9E5B /* Factory.h */,
				8868805D14C1EE4000EF9E5B /* FileUtil.h */,
				8868805E14C1EE4000EF9E5B /* Font.h */,
				8868805F14C1EE4000EF9E5B /* FrameBuffer.h */,
				8868806014C1EE4000EF9E5B /* Frustum.h */,
				8868806114C1EE4000EF9E5B /* FSM.h */,
				8868806214C1EE4000EF9E5B /* Function.h */,
				8868806314C1EE4000EF9E5B /* GraphicBuffer.h */,
				8868806414C1EE4000EF9E5B /* GraphicDevice.h */,
				8868806514C1EE4000EF9E5B /* GraphicFactory.h */,
				8868806614C1EE4000EF9E5B /* GraphicSettings.h */,
				8868806714C1EE4000EF9E5B /* Hashing.h */,
				8868806814C1EE4000EF9E5B /* Input.h */,
				8868806914C1EE4000EF9E5B /* Key.h */,
				8868806A14C1EE4000EF9E5B /* Logger.h */,
				8868806B14C1EE4000EF9E5B /* Material.h */,
				8868806C14C1EE4000EF9E5B /* MathUtil.h */,
				8868806D14C1EE4000EF9E5B /* MemoryUtil.h */,
				8868806E14C1EE4000EF9E5B /* Mesh.h */,
				8868806F14C1EE4000EF9E5B /* Message.h */,
				8868807014C1EE4000EF9E5B /* Module.h */,
				8868807114C1EE4000EF9E5B /* Physics.h */,
				8868807214C1EE4000EF9E5B /* Platform.h */,
				8868807314C1EE4000EF9E5B /* Port.h */,
				8868807414C1EE4000EF9E5B /* PreDeclare.h */,
				8868807514C1EE4000EF9E5B /* Preprocessor.h */,
				8868807614C1EE4000EF9E5B /* Profiler.h */,
				8868807714C1EE4000EF9E5B /* Ptr.h */,
				8868807814C1EE4000EF9E5B /* RandomUtil.h */,
				8868807914C1EE4000EF9E5B /* RefCounted.h */,
				8868807A14C1EE4000EF9E5B /* Renderable.h */,
				8868807B14C1EE4000EF9E5B /* RenderBuffer.h */,
				8868807C14C1EE4000EF9E5B /* RenderEffect.h */,
				8868807D14C1EE4000EF9E5B /* RenderView.h */,
				8868807E14C1EE4000EF9E5B /* Resource.h */,
				8868807F14C1EE4000EF9E5B /* Scene.h */,
				8868808014C1EE4000EF9E5B /* Scripting.h */,
				8868808114C1EE4000EF9E5B /* Sensor.h */,
				8868808214C1EE4000EF9E5B /* Serializer.h */,
				8868808314C1EE4000EF9E5B /* Shader.h */,
				8868808414C1EE4000EF9E5B /* Signal.h */,
				8868808514C1EE4000EF9E5B /* Singleton.h */,
				8868808614C1EE4000EF9E5B /* Skeletal.h */,
				8868808714C1EE4000EF9E5B /* Sprite.h */,
				8868808814C1EE4000EF9E5B /* SpriteBatch.h */,
				8868808914C1EE4000EF9E5B /* StackTrace.h */,
				8868808A14C1EE4000EF9E5B /* Stream.h */,
				8868808B14C1EE4000EF9E5B /* StringUtil.h */,
				8868808C14C1EE4000EF9E5B /* SysUtil.h */,
				8868808D14C1EE4000EF9E5B /* Task.h */,
				8868808E14C1EE4000EF9E5B /* Texture.h */,
				8868808F14C1EE4000EF9E5B /* Thread.h */,
				8868809014C1EE4000EF9E5B /* TimeUtil.h */,
				8868809114C1EE4000EF9E5B /* Transform.h */,
				8868809214C1EE4000EF9E5B /* Trigger.h */,
				8868809314C1EE4000EF9E5B /* Type.h */,
				8868809414C1EE4000EF9E5B /* TypeInfo.h */,
				8868809514C1EE4000EF9E5B /* UKN.h */,
				8868809614C1EE4000EF9E5B /* Uncopyable.h */,
				8868809714C1EE4000EF9E5B /* Util.h */,
				8868809814C1EE4000EF9E5B /* Vertex.h */,
				8868809914C1EE4000EF9E5B /* Viewport.h */,
				8868809A14C1EE4000EF9E5B /* Window.h */,
				8868809B14C1EE4000EF9E5B /* ZipUtil.h */,
			);
			path = UKN;
			sourceTree = "<group>";
		};
		8868804D14C1EE4000EF9E5B /* detail */ = {
			isa = PBXGroup;
			children = (
				8868804E14C1EE4000EF9E5B /* function */,
				8868805614C1EE4000EF9E5B /* signal */,
				8868805714C1EE4000EF9E5B /* TypeTraits.h */,
			);
			path = detail;
			sourceTree = "<group>";
		};
		8868804E14C1EE4000EF9E5B /* function */ = {
			isa = PBXGroup;
			children = (
				8868804F14C1EE4000EF9E5B /* Bind.h */,
				8868805014C1EE4000EF9E5B /* FunctionBase.h */,
				8868805114C1EE4000EF9E5B /* FunctionDetail.h */,
				8868805214C1EE4000EF9E5B /* FunctionFoward.h */,
				8868805314C1EE4000EF9E5B /* FunctionInclude.h */,
				8868805414C1EE4000EF9E5B /* FunctionTemplate.h */,
				8868805514C1EE4000EF9E5B /* Memfun.h */,
			);
			path = function;
			sourceTree = "<group>";
		};
		8868805614C1EE4000EF9E5B /* signal */ = {
			isa = PBXGroup;
			children = (
			);
			path = signal;
			sourceTree = "<group>";
		};
		8868816A14C1EE4000EF9E5B /* src */ = {
			isa = PBXGroup;
			children = (
				8868816B14C1EE4000EF9E5B /* App */,
				8868816D14C1EE4000EF9E5B /* Audio */,
				8868816E14C1EE4000EF9E5B /* Core */,
				8868818B14C1EE4000EF9E5B /* Game */,
				8868819014C1EE4000EF9E5B /* Presentation */,
				8868819314C1EE4000EF9E5B /* Render */,
			);
			name = src;
			path = UKN/src;
			sourceTree = SOURCE_ROOT;
		};
		8868816B14C1EE4000EF9E5B /* App */ = {
			isa = PBXGroup;
			children = (
				8868816C14C1EE4000EF9E5B /* App.cpp */,
			);
			path = App;
			sourceTree = "<group>";
		};
		8868816D14C1EE4000EF9E5B /* Audio */ = {
			isa = PBXGroup;
			children = (
			);
			path = Audio;
			sourceTree = "<group>";
		};
		8868816E14C1EE4000EF9E5B /* Core */ = {
			isa = PBXGroup;
			children = (
				8868816F14C1EE4000EF9E5B /* AppleStuff.h */,
				8868817014C1EE4000EF9E5B /* AppleStuff.mm */,
				8868817114C1EE4000EF9E5B /* Asset.cpp */,
				8868817214C1EE4000EF9E5B /* AutoUpdate.cpp */,
				8868817314C1EE4000EF9E5B /* Base64.cpp */,
				8868817414C1EE4000EF9E5B /* Class.cpp */,
				8868817514C1EE4000EF9E5B /* ConfigParser.cpp */,
				8868817614C1EE4000EF9E5B /* ConfigParserXml.cpp */,
				8868817714C1EE4000EF9E5B /* ConfigParserXml.h */,
				8868817814C1EE4000EF9E5B /* Context.cpp */,
				8868817914C1EE4000EF9E5B /* DllLoader.cpp */,
				8868817A14C1EE4000EF9E5B /* FileUtil.cpp */,
				8868817B14C1EE4000EF9E5B /* Hashing.cpp */,
				8868817C14C1EE4000EF9E5B /* Logger.cpp */,
				8868817D14C1EE4000EF9E5B /* Module.cpp */,
				8868817E14C1EE4000EF9E5B /* Port.cpp */,
				8868817F14C1EE4000EF9E5B /* Profiler.cpp */,
				8868818014C1EE4000EF9E5B /* RandomUtil.cpp */,
				8868818114C1EE4000EF9E5B /* Resource.cpp */,
				8868818214C1EE4000EF9E5B /* Serializer.cpp */,
				8868818314C1EE4000EF9E5B /* Signal.cpp */,
				8868818414C1EE4000EF9E5B /* Stream.cpp */,
				8868818514C1EE4000EF9E5B /* StringUtil.cpp */,
				8868818614C1EE4000EF9E5B /* SysUtil.cpp */,
				8868818714C1EE4000EF9E5B /* Task.cpp */,
				8868818814C1EE4000EF9E5B /* Thread.cpp */,
				8868818914C1EE4000EF9E5B /* Timeutil.cpp */,
				8868818A14C1EE4000EF9E5B /* ZipUtil.cpp */,
			);
			path = Core;
			sourceTree = "<group>";
		};
		8868818B14C1EE4000EF9E5B /* Game */ = {
			isa = PBXGroup;
			children = (
				8868818C14C1EE4000EF9E5B /* Component.cpp */,
				8868818D14C1EE4000EF9E5B /* Entity.cpp */,
				8868818E14C1EE4000EF9E5B /* Event.cpp */,
				8868818F14C1EE4000EF9E5B /* Trigger.cpp */,
			);
			path = Game;
			sourceTree = "<group>";
		};
		8868819014C1EE4000EF9E5B /* Presentation */ = {
			isa = PBXGroup;
			children = (
				8868819114C1EE4000EF9E5B /* Animation.cpp */,
				8868819214C1EE4000EF9E5B /* Skeletal.cpp */,
			);
			path = Presentation;
			sourceTree = "<group>";
		};
		8868819314C1EE4000EF9E5B /* Render */ = {
			isa = PBXGroup;
			children = (
				8868819414C1EE4000EF9E5B /* Camera.cpp */,
				8868819514C1EE4000EF9E5B /* Font.cpp */,
				8868819614C1EE4000EF9E5B /* FrameBuffer.cpp */,
				8868819714C1EE4000EF9E5B /* Frustum.cpp */,
				8868819814C1EE4000EF9E5B /* GraphicBuffer.cpp */,
				8868819914C1EE4000EF9E5B /* GraphicDevice.cpp */,
				8868819A14C1EE4000EF9E5B /* GraphicFactory.cpp */,
				8868819B14C1EE4000EF9E5B /* Renderable.cpp */,
				8868819C14C1EE4000EF9E5B /* RenderBuffer.cpp */,
				8868819D14C1EE4000EF9E5B /* RenderView.cpp */,
				8868819E14C1EE4000EF9E5B /* Scene.cpp */,
				8868819F14C1EE4000EF9E5B /* SpriteBatch.cpp */,
				886881A014C1EE4000EF9E5B /* Texture.cpp */,
				886881A114C1EE4000EF9E5B /* Window.cpp */,
			);
			path = Render;
			sourceTree = "<group>";
		};
		88AAC170148689ED007A80A4 /* External */ = {
			isa = PBXGroup;
			children = (
			);
			path = External;
			sourceTree = SOURCE_ROOT;
		};
		88CC310E1477915700558EA1 = {
			isa = PBXGroup;
			children = (
				88CC311C1477915700558EA1 /* Project Unknown */,
				88E3C431147F2EC300E8754D /* Frameworks */,
				88CC311A1477915700558EA1 /* Products */,
			);
			sourceTree = "<group>";
		};
		88CC311A1477915700558EA1 /* Products */ = {
			isa = PBXGroup;
			children = (
				88CC31191477915700558EA1 /* Project Unknown */,
			);
			name = Products;
			sourceTree = "<group>";
		};
		88CC311C1477915700558EA1 /* Project Unknown */ = {
			isa = PBXGroup;
			children = (
				88093C2714BAFFEC00C6152F /* DF */,
				8868803A14C1EE4000EF9E5B /* include */,
				8868816A14C1EE4000EF9E5B /* src */,
				88AAC170148689ED007A80A4 /* External */,
				88E3C3C7147F2BAC00E8754D /* Plugins */,
			);
			path = "Project Unknown";
			sourceTree = "<group>";
		};
		88E3C3C7147F2BAC00E8754D /* Plugins */ = {
			isa = PBXGroup;
			children = (
			);
			path = Plugins;
			sourceTree = SOURCE_ROOT;
		};
		88E3C431147F2EC300E8754D /* Frameworks */ = {
			isa = PBXGroup;
			children = (
				88E3C434147F2F1D00E8754D /* OpenGL.framework */,
				88E3C432147F2F1400E8754D /* Cocoa.framework */,
			);
			name = Frameworks;
			path = "Project Unknown";
			sourceTree = "<group>";
		};
/* End PBXGroup section */

/* Begin PBXNativeTarget section */
		88CC31181477915700558EA1 /* Project Unknown */ = {
			isa = PBXNativeTarget;
			buildConfigurationList = 88CC31231477915700558EA1 /* Build configuration list for PBXNativeTarget "Project Unknown" */;
			buildPhases = (
				88CC31151477915700558EA1 /* Sources */,
				88CC31161477915700558EA1 /* Frameworks */,
				88CC31171477915700558EA1 /* CopyFiles */,
			);
			buildRules = (
			);
			dependencies = (
			);
			name = "Project Unknown";
			productName = "Project Unknown";
			productReference = 88CC31191477915700558EA1 /* Project Unknown */;
			productType = "com.apple.product-type.tool";
		};
/* End PBXNativeTarget section */

/* Begin PBXProject section */
		88CC31101477915700558EA1 /* Project object */ = {
			isa = PBXProject;
			attributes = {
				LastUpgradeCheck = 0420;
				ORGANIZATIONNAME = heizi;
			};
			buildConfigurationList = 88CC31131477915700558EA1 /* Build configuration list for PBXProject "Project Unknown" */;
			compatibilityVersion = "Xcode 3.2";
			developmentRegion = English;
			hasScannedForEncodings = 0;
			knownRegions = (
				en,
			);
			mainGroup = 88CC310E1477915700558EA1;
			productRefGroup = 88CC311A1477915700558EA1 /* Products */;
			projectDirPath = "";
			projectRoot = "";
			targets = (
				88CC31181477915700558EA1 /* Project Unknown */,
			);
		};
/* End PBXProject section */

/* Begin PBXSourcesBuildPhase section */
		88CC31151477915700558EA1 /* Sources */ = {
			isa = PBXSourcesBuildPhase;
			buildActionMask = 2147483647;
			files = (
				886881A214C1EE4000EF9E5B /* App.cpp in Sources */,
				886881A314C1EE4000EF9E5B /* AppleStuff.mm in Sources */,
				886881A414C1EE4000EF9E5B /* Asset.cpp in Sources */,
				886881A514C1EE4000EF9E5B /* AutoUpdate.cpp in Sources */,
				886881A614C1EE4000EF9E5B /* Base64.cpp in Sources */,
				886881A714C1EE4000EF9E5B /* Class.cpp in Sources */,
				886881A814C1EE4000EF9E5B /* ConfigParser.cpp in Sources */,
				886881A914C1EE4000EF9E5B /* ConfigParserXml.cpp in Sources */,
				886881AA14C1EE4000EF9E5B /* Context.cpp in Sources */,
				886881AB14C1EE4000EF9E5B /* DllLoader.cpp in Sources */,
				886881AC14C1EE4000EF9E5B /* FileUtil.cpp in Sources */,
				886881AD14C1EE4000EF9E5B /* Hashing.cpp in Sources */,
				886881AE14C1EE4000EF9E5B /* Logger.cpp in Sources */,
				886881AF14C1EE4000EF9E5B /* Module.cpp in Sources */,
				886881B014C1EE4000EF9E5B /* Port.cpp in Sources */,
				886881B114C1EE4000EF9E5B /* Profiler.cpp in Sources */,
				886881B214C1EE4000EF9E5B /* RandomUtil.cpp in Sources */,
				886881B314C1EE4000EF9E5B /* Resource.cpp in Sources */,
				886881B414C1EE4000EF9E5B /* Serializer.cpp in Sources */,
				886881B514C1EE4000EF9E5B /* Signal.cpp in Sources */,
				886881B614C1EE4000EF9E5B /* Stream.cpp in Sources */,
				886881B714C1EE4000EF9E5B /* StringUtil.cpp in Sources */,
				886881B814C1EE4000EF9E5B /* SysUtil.cpp in Sources */,
				886881B914C1EE4000EF9E5B /* Task.cpp in Sources */,
				886881BA14C1EE4000EF9E5B /* Thread.cpp in Sources */,
				886881BB14C1EE4000EF9E5B /* Timeutil.cpp in Sources */,
				886881BC14C1EE4000EF9E5B /* ZipUtil.cpp in Sources */,
				886881BD14C1EE4000EF9E5B /* Component.cpp in Sources */,
				886881BE14C1EE4000EF9E5B /* Entity.cpp in Sources */,
				886881BF14C1EE4000EF9E5B /* Event.cpp in Sources */,
				886881C014C1EE4000EF9E5B /* Trigger.cpp in Sources */,
				886881C114C1EE4000EF9E5B /* Animation.cpp in Sources */,
				886881C214C1EE4000EF9E5B /* Skeletal.cpp in Sources */,
				886881C314C1EE4000EF9E5B /* Camera.cpp in Sources */,
				886881C414C1EE4000EF9E5B /* Font.cpp in Sources */,
				886881C514C1EE4000EF9E5B /* FrameBuffer.cpp in Sources */,
				886881C614C1EE4000EF9E5B /* Frustum.cpp in Sources */,
				886881C714C1EE4000EF9E5B /* GraphicBuffer.cpp in Sources */,
				886881C814C1EE4000EF9E5B /* GraphicDevice.cpp in Sources */,
				886881C914C1EE4000EF9E5B /* GraphicFactory.cpp in Sources */,
				886881CA14C1EE4000EF9E5B /* Renderable.cpp in Sources */,
				886881CB14C1EE4000EF9E5B /* RenderBuffer.cpp in Sources */,
				886881CC14C1EE4000EF9E5B /* RenderView.cpp in Sources */,
				886881CD14C1EE4000EF9E5B /* Scene.cpp in Sources */,
				886881CE14C1EE4000EF9E5B /* SpriteBatch.cpp in Sources */,
				886881CF14C1EE4000EF9E5B /* Texture.cpp in Sources */,
				886881D014C1EE4000EF9E5B /* Window.cpp in Sources */,
			);
			runOnlyForDeploymentPostprocessing = 0;
		};
/* End PBXSourcesBuildPhase section */

/* Begin XCBuildConfiguration section */
		88CC31211477915700558EA1 /* Debug */ = {
			isa = XCBuildConfiguration;
			buildSettings = {
				ALWAYS_SEARCH_USER_PATHS = NO;
				ARCHS = "$(ARCHS_STANDARD_64_BIT)";
				COPY_PHASE_STRIP = NO;
				GCC_C_LANGUAGE_STANDARD = gnu99;
				GCC_DYNAMIC_NO_PIC = NO;
				GCC_ENABLE_OBJC_EXCEPTIONS = YES;
				GCC_OPTIMIZATION_LEVEL = 0;
				GCC_PREPROCESSOR_DEFINITIONS = (
					"DEBUG=1",
					"$(inherited)",
				);
				GCC_SYMBOLS_PRIVATE_EXTERN = NO;
				GCC_VERSION = com.apple.compilers.llvmgcc42;
				GCC_WARN_64_TO_32_BIT_CONVERSION = YES;
				GCC_WARN_ABOUT_MISSING_PROTOTYPES = YES;
				GCC_WARN_ABOUT_RETURN_TYPE = YES;
				GCC_WARN_UNUSED_VARIABLE = YES;
				HEADER_SEARCH_PATHS = (
					"\"$(PROJECT_DIR)/External/\"",
					"\"$(PROJECT_DIR)/UKN/include\"",
				);
				MACOSX_DEPLOYMENT_TARGET = 10.7;
				ONLY_ACTIVE_ARCH = YES;
				SDKROOT = macosx;
				STRINGS_FILE_OUTPUT_ENCODING = "UTF-8";
			};
			name = Debug;
		};
		88CC31221477915700558EA1 /* Release */ = {
			isa = XCBuildConfiguration;
			buildSettings = {
				ALWAYS_SEARCH_USER_PATHS = NO;
				ARCHS = "$(ARCHS_STANDARD_64_BIT)";
				COPY_PHASE_STRIP = YES;
				DEBUG_INFORMATION_FORMAT = "dwarf-with-dsym";
				GCC_C_LANGUAGE_STANDARD = gnu99;
				GCC_ENABLE_OBJC_EXCEPTIONS = YES;
				GCC_VERSION = com.apple.compilers.llvmgcc42;
				GCC_WARN_64_TO_32_BIT_CONVERSION = YES;
				GCC_WARN_ABOUT_MISSING_PROTOTYPES = YES;
				GCC_WARN_ABOUT_RETURN_TYPE = YES;
				GCC_WARN_UNUSED_VARIABLE = YES;
				HEADER_SEARCH_PATHS = (
					"\"$(PROJECT_DIR)/External/\"",
					"\"$(PROJECT_DIR)/UKN/include\"",
				);
				MACOSX_DEPLOYMENT_TARGET = 10.7;
				SDKROOT = macosx;
				STRINGS_FILE_OUTPUT_ENCODING = "UTF-8";
			};
			name = Release;
		};
		88CC31241477915700558EA1 /* Debug */ = {
			isa = XCBuildConfiguration;
			buildSettings = {
				HEADER_SEARCH_PATHS = (
					"\"$(PROJECT_DIR)/External/freetype\"",
					"\"$(PROJECT_DIR)/External/\"",
					"\"$(PROJECT_DIR)/UKN/include\"",
				);
				LIBRARY_SEARCH_PATHS = (
					"$(inherited)",
					"\"$(SRCROOT)/External/glfw\"",
					"\"$(SRCROOT)/External/freetype\"",
					"\"$(SRCROOT)/../..\"",
				);
				PRODUCT_NAME = "$(TARGET_NAME)";
				STRINGS_FILE_OUTPUT_ENCODING = "UTF-16";
			};
			name = Debug;
		};
		88CC31251477915700558EA1 /* Release */ = {
			isa = XCBuildConfiguration;
			buildSettings = {
				HEADER_SEARCH_PATHS = (
					"\"$(PROJECT_DIR)/External/freetype\"",
					"\"$(PROJECT_DIR)/External/\"",
					"\"$(PROJECT_DIR)/UKN/include\"",
				);
				LIBRARY_SEARCH_PATHS = (
					"$(inherited)",
					"\"$(SRCROOT)/External/glfw\"",
					"\"$(SRCROOT)/External/freetype\"",
					"\"$(SRCROOT)/../..\"",
				);
				PRODUCT_NAME = "$(TARGET_NAME)";
				STRINGS_FILE_OUTPUT_ENCODING = "UTF-16";
			};
			name = Release;
		};
/* End XCBuildConfiguration section */

/* Begin XCConfigurationList section */
		88CC31131477915700558EA1 /* Build configuration list for PBXProject "Project Unknown" */ = {
			isa = XCConfigurationList;
			buildConfigurations = (
				88CC31211477915700558EA1 /* Debug */,
				88CC31221477915700558EA1 /* Release */,
			);
			defaultConfigurationIsVisible = 0;
			defaultConfigurationName = Release;
		};
		88CC31231477915700558EA1 /* Build configuration list for PBXNativeTarget "Project Unknown" */ = {
			isa = XCConfigurationList;
			buildConfigurations = (
				88CC31241477915700558EA1 /* Debug */,
				88CC31251477915700558EA1 /* Release */,
			);
			defaultConfigurationIsVisible = 0;
			defaultConfigurationName = Release;
		};
/* End XCConfigurationList section */
	};
	rootObject = 88CC31101477915700558EA1 /* Project object */;
}
